
Microsoft Visual Studio Solution File, Format Version 12.00
# Visual Studio Version 17
VisualStudioVersion = 17.9.34728.123
MinimumVisualStudioVersion = 10.0.40219.1
Project("{FAE04EC0-301F-11D3-BF4B-00C04F79EFBC}") = "grafo1", "grafo1.csproj", "{484D1F02-1F23-411F-9254-DE37802FFEC5}"
EndProject
Project("{FAE04EC0-301F-11D3-BF4B-00C04F79EFBC}") = "grafo2", "..\grafo2\grafo2.csproj", "{BD35FF47-ECB7-4279-A82E-93BF4F0280AF}"
EndProject
Global
	GlobalSection(SolutionConfigurationPlatforms) = preSolution
		Debug|Any CPU = Debug|Any CPU
		Release|Any CPU = Release|Any CPU
	EndGlobalSection
	GlobalSection(ProjectConfigurationPlatforms) = postSolution
		{484D1F02-1F23-411F-9254-DE37802FFEC5}.Debug|Any CPU.ActiveCfg = Debug|Any CPU
		{484D1F02-1F23-411F-9254-DE37802FFEC5}.Debug|Any CPU.Build.0 = Debug|Any CPU
		{484D1F02-1F23-411F-9254-DE37802FFEC5}.Release|Any CPU.ActiveCfg = Release|Any CPU
		{484D1F02-1F23-411F-9254-DE37802FFEC5}.Release|Any CPU.Build.0 = Release|Any CPU
		{BD35FF47-ECB7-4279-A82E-93BF4F0280AF}.Debug|Any CPU.ActiveCfg = Debug|Any CPU
		{BD35FF47-ECB7-4279-A82E-93BF4F0280AF}.Debug|Any CPU.Build.0 = Debug|Any CPU
		{BD35FF47-ECB7-4279-A82E-93BF4F0280AF}.Release|Any CPU.ActiveCfg = Release|Any CPU
		{BD35FF47-ECB7-4279-A82E-93BF4F0280AF}.Release|Any CPU.Build.0 = Release|Any CPU
	EndGlobalSection
	GlobalSection(SolutionProperties) = preSolution
		HideSolutionNode = FALSE
	EndGlobalSection
	GlobalSection(ExtensibilityGlobals) = postSolution
		SolutionGuid = {2C35F9C0-2655-4038-8B40-FC1325E1FF9D}
	EndGlobalSection
EndGlobal
